// !$*UTF8*$!
{
	archiveVersion = 1;
	classes = {
	};
	objectVersion = 46;
	objects = {

/* Begin PBXBuildFile section */
		33CBAF062505DE567223ADAB /* Pods_HackathonFiesp2016.framework in Frameworks */ = {isa = PBXBuildFile; fileRef = 696EFF66E1FBB0D697D82574 /* Pods_HackathonFiesp2016.framework */; };
		D680EDAD1DB3074B00C784C8 /* CardViewManager.swift in Sources */ = {isa = PBXBuildFile; fileRef = D680EDAC1DB3074B00C784C8 /* CardViewManager.swift */; };
		D6ADA9321DB2B1CA00E52B15 /* AppDelegate.swift in Sources */ = {isa = PBXBuildFile; fileRef = D6ADA9311DB2B1CA00E52B15 /* AppDelegate.swift */; };
		D6ADA9341DB2B1CA00E52B15 /* RestaurantViewController.swift in Sources */ = {isa = PBXBuildFile; fileRef = D6ADA9331DB2B1CA00E52B15 /* RestaurantViewController.swift */; };
		D6ADA9361DB2B1CA00E52B15 /* MenuViewController.swift in Sources */ = {isa = PBXBuildFile; fileRef = D6ADA9351DB2B1CA00E52B15 /* MenuViewController.swift */; };
		D6ADA9391DB2B1CA00E52B15 /* Main.storyboard in Resources */ = {isa = PBXBuildFile; fileRef = D6ADA9371DB2B1CA00E52B15 /* Main.storyboard */; };
		D6ADA93B1DB2B1CA00E52B15 /* Assets.xcassets in Resources */ = {isa = PBXBuildFile; fileRef = D6ADA93A1DB2B1CA00E52B15 /* Assets.xcassets */; };
		D6ADA93E1DB2B1CA00E52B15 /* LaunchScreen.storyboard in Resources */ = {isa = PBXBuildFile; fileRef = D6ADA93C1DB2B1CA00E52B15 /* LaunchScreen.storyboard */; };
		D6ADA9461DB2E16800E52B15 /* SF-UI-Display-Regular.otf in Resources */ = {isa = PBXBuildFile; fileRef = D6ADA9451DB2E16400E52B15 /* SF-UI-Display-Regular.otf */; };
		D6ADA94B1DB2E1C500E52B15 /* SF-UI-Display-Light.otf in Resources */ = {isa = PBXBuildFile; fileRef = D6ADA9481DB2E1C500E52B15 /* SF-UI-Display-Light.otf */; };
		D6ADA94C1DB2E1C500E52B15 /* SF-UI-Display-Medium.otf in Resources */ = {isa = PBXBuildFile; fileRef = D6ADA9491DB2E1C500E52B15 /* SF-UI-Display-Medium.otf */; };
		D6ADA94D1DB2E1C500E52B15 /* SF-UI-Display-Semibold.otf in Resources */ = {isa = PBXBuildFile; fileRef = D6ADA94A1DB2E1C500E52B15 /* SF-UI-Display-Semibold.otf */; };
/* End PBXBuildFile section */

/* Begin PBXFileReference section */
		4D5D946F140526840228D568 /* Pods-HackathonFiesp2016.release.xcconfig */ = {isa = PBXFileReference; includeInIndex = 1; lastKnownFileType = text.xcconfig; name = "Pods-HackathonFiesp2016.release.xcconfig"; path = "Pods/Target Support Files/Pods-HackathonFiesp2016/Pods-HackathonFiesp2016.release.xcconfig"; sourceTree = "<group>"; };
		696EFF66E1FBB0D697D82574 /* Pods_HackathonFiesp2016.framework */ = {isa = PBXFileReference; explicitFileType = wrapper.framework; includeInIndex = 0; path = Pods_HackathonFiesp2016.framework; sourceTree = BUILT_PRODUCTS_DIR; };
		B3A9A3CB01EE20742E3A7D36 /* Pods-HackathonFiesp2016.debug.xcconfig */ = {isa = PBXFileReference; includeInIndex = 1; lastKnownFileType = text.xcconfig; name = "Pods-HackathonFiesp2016.debug.xcconfig"; path = "Pods/Target Support Files/Pods-HackathonFiesp2016/Pods-HackathonFiesp2016.debug.xcconfig"; sourceTree = "<group>"; };
		D680EDAC1DB3074B00C784C8 /* CardViewManager.swift */ = {isa = PBXFileReference; fileEncoding = 4; lastKnownFileType = sourcecode.swift; path = CardViewManager.swift; sourceTree = "<group>"; };
		D6ADA92E1DB2B1CA00E52B15 /* HackathonFiesp2016.app */ = {isa = PBXFileReference; explicitFileType = wrapper.application; includeInIndex = 0; path = HackathonFiesp2016.app; sourceTree = BUILT_PRODUCTS_DIR; };
		D6ADA9311DB2B1CA00E52B15 /* AppDelegate.swift */ = {isa = PBXFileReference; lastKnownFileType = sourcecode.swift; path = AppDelegate.swift; sourceTree = "<group>"; };
		D6ADA9331DB2B1CA00E52B15 /* RestaurantViewController.swift */ = {isa = PBXFileReference; lastKnownFileType = sourcecode.swift; path = RestaurantViewController.swift; sourceTree = "<group>"; };
		D6ADA9351DB2B1CA00E52B15 /* MenuViewController.swift */ = {isa = PBXFileReference; lastKnownFileType = sourcecode.swift; path = MenuViewController.swift; sourceTree = "<group>"; };
		D6ADA9381DB2B1CA00E52B15 /* Base */ = {isa = PBXFileReference; lastKnownFileType = file.storyboard; name = Base; path = Base.lproj/Main.storyboard; sourceTree = "<group>"; };
		D6ADA93A1DB2B1CA00E52B15 /* Assets.xcassets */ = {isa = PBXFileReference; lastKnownFileType = folder.assetcatalog; path = Assets.xcassets; sourceTree = "<group>"; };
		D6ADA93D1DB2B1CA00E52B15 /* Base */ = {isa = PBXFileReference; lastKnownFileType = file.storyboard; name = Base; path = Base.lproj/LaunchScreen.storyboard; sourceTree = "<group>"; };
		D6ADA93F1DB2B1CA00E52B15 /* Info.plist */ = {isa = PBXFileReference; lastKnownFileType = text.plist.xml; path = Info.plist; sourceTree = "<group>"; };
		D6ADA9451DB2E16400E52B15 /* SF-UI-Display-Regular.otf */ = {isa = PBXFileReference; lastKnownFileType = file; path = "SF-UI-Display-Regular.otf"; sourceTree = "<group>"; };
		D6ADA9481DB2E1C500E52B15 /* SF-UI-Display-Light.otf */ = {isa = PBXFileReference; lastKnownFileType = file; path = "SF-UI-Display-Light.otf"; sourceTree = "<group>"; };
		D6ADA9491DB2E1C500E52B15 /* SF-UI-Display-Medium.otf */ = {isa = PBXFileReference; lastKnownFileType = file; path = "SF-UI-Display-Medium.otf"; sourceTree = "<group>"; };
		D6ADA94A1DB2E1C500E52B15 /* SF-UI-Display-Semibold.otf */ = {isa = PBXFileReference; lastKnownFileType = file; path = "SF-UI-Display-Semibold.otf"; sourceTree = "<group>"; };
/* End PBXFileReference section */

/* Begin PBXFrameworksBuildPhase section */
		D6ADA92B1DB2B1C900E52B15 /* Frameworks */ = {
			isa = PBXFrameworksBuildPhase;
			buildActionMask = 2147483647;
			files = (
				33CBAF062505DE567223ADAB /* Pods_HackathonFiesp2016.framework in Frameworks */,
			);
			runOnlyForDeploymentPostprocessing = 0;
		};
/* End PBXFrameworksBuildPhase section */

/* Begin PBXGroup section */
		5473F78E6985985C258413A0 /* Pods */ = {
			isa = PBXGroup;
			children = (
				B3A9A3CB01EE20742E3A7D36 /* Pods-HackathonFiesp2016.debug.xcconfig */,
				4D5D946F140526840228D568 /* Pods-HackathonFiesp2016.release.xcconfig */,
			);
			name = Pods;
			sourceTree = "<group>";
		};
		D6ADA9251DB2B1C900E52B15 = {
			isa = PBXGroup;
			children = (
				D6ADA9301DB2B1CA00E52B15 /* HackathonFiesp2016 */,
				D6ADA92F1DB2B1CA00E52B15 /* Products */,
				5473F78E6985985C258413A0 /* Pods */,
				F419E0B76520C9DC8DF60B6D /* Frameworks */,
			);
			sourceTree = "<group>";
		};
		D6ADA92F1DB2B1CA00E52B15 /* Products */ = {
			isa = PBXGroup;
			children = (
				D6ADA92E1DB2B1CA00E52B15 /* HackathonFiesp2016.app */,
			);
			name = Products;
			sourceTree = "<group>";
		};
		D6ADA9301DB2B1CA00E52B15 /* HackathonFiesp2016 */ = {
			isa = PBXGroup;
			children = (
				D6ADA9311DB2B1CA00E52B15 /* AppDelegate.swift */,
				D6ADA9331DB2B1CA00E52B15 /* RestaurantViewController.swift */,
				D6ADA9351DB2B1CA00E52B15 /* MenuViewController.swift */,
				D680EDAC1DB3074B00C784C8 /* CardViewManager.swift */,
				D6ADA9371DB2B1CA00E52B15 /* Main.storyboard */,
				D6ADA9471DB2E1AA00E52B15 /* SF */,
				D6ADA93A1DB2B1CA00E52B15 /* Assets.xcassets */,
				D6ADA93C1DB2B1CA00E52B15 /* LaunchScreen.storyboard */,
				D6ADA93F1DB2B1CA00E52B15 /* Info.plist */,
			);
			path = HackathonFiesp2016;
			sourceTree = "<group>";
		};
		D6ADA9471DB2E1AA00E52B15 /* SF */ = {
			isa = PBXGroup;
			children = (
				D6ADA9481DB2E1C500E52B15 /* SF-UI-Display-Light.otf */,
				D6ADA9491DB2E1C500E52B15 /* SF-UI-Display-Medium.otf */,
				D6ADA94A1DB2E1C500E52B15 /* SF-UI-Display-Semibold.otf */,
				D6ADA9451DB2E16400E52B15 /* SF-UI-Display-Regular.otf */,
			);
			name = SF;
			sourceTree = "<group>";
		};
		F419E0B76520C9DC8DF60B6D /* Frameworks */ = {
			isa = PBXGroup;
			children = (
				696EFF66E1FBB0D697D82574 /* Pods_HackathonFiesp2016.framework */,
			);
			name = Frameworks;
			sourceTree = "<group>";
		};
/* End PBXGroup section */

/* Begin PBXNativeTarget section */
		D6ADA92D1DB2B1C900E52B15 /* HackathonFiesp2016 */ = {
			isa = PBXNativeTarget;
			buildConfigurationList = D6ADA9421DB2B1CA00E52B15 /* Build configuration list for PBXNativeTarget "HackathonFiesp2016" */;
			buildPhases = (
				697DFBA771C010CC57AF44BA /* [CP] Check Pods Manifest.lock */,
				D6ADA92A1DB2B1C900E52B15 /* Sources */,
				D6ADA92B1DB2B1C900E52B15 /* Frameworks */,
				D6ADA92C1DB2B1C900E52B15 /* Resources */,
				B5192001845E6BF149A3F7DF /* [CP] Embed Pods Frameworks */,
				7F6A7DE2681FD123C02CCE5F /* [CP] Copy Pods Resources */,
			);
			buildRules = (
			);
			dependencies = (
			);
			name = HackathonFiesp2016;
			productName = HackathonFiesp2016;
			productReference = D6ADA92E1DB2B1CA00E52B15 /* HackathonFiesp2016.app */;
			productType = "com.apple.product-type.application";
		};
/* End PBXNativeTarget section */

/* Begin PBXProject section */
		D6ADA9261DB2B1C900E52B15 /* Project object */ = {
			isa = PBXProject;
			attributes = {
				LastSwiftUpdateCheck = 0800;
				LastUpgradeCheck = 0800;
				ORGANIZATIONNAME = Jhpg;
				TargetAttributes = {
					D6ADA92D1DB2B1C900E52B15 = {
						CreatedOnToolsVersion = 8.0;
						DevelopmentTeam = 6VEL7G8EU2;
						ProvisioningStyle = Automatic;
					};
				};
			};
			buildConfigurationList = D6ADA9291DB2B1C900E52B15 /* Build configuration list for PBXProject "HackathonFiesp2016" */;
			compatibilityVersion = "Xcode 3.2";
			developmentRegion = English;
			hasScannedForEncodings = 0;
			knownRegions = (
				en,
				Base,
			);
			mainGroup = D6ADA9251DB2B1C900E52B15;
			productRefGroup = D6ADA92F1DB2B1CA00E52B15 /* Products */;
			projectDirPath = "";
			projectRoot = "";
			targets = (
				D6ADA92D1DB2B1C900E52B15 /* HackathonFiesp2016 */,
			);
		};
/* End PBXProject section */

/* Begin PBXResourcesBuildPhase section */
		D6ADA92C1DB2B1C900E52B15 /* Resources */ = {
			isa = PBXResourcesBuildPhase;
			buildActionMask = 2147483647;
			files = (
				D6ADA94D1DB2E1C500E52B15 /* SF-UI-Display-Semibold.otf in Resources */,
				D6ADA94C1DB2E1C500E52B15 /* SF-UI-Display-Medium.otf in Resources */,
				D6ADA94B1DB2E1C500E52B15 /* SF-UI-Display-Light.otf in Resources */,
				D6ADA93E1DB2B1CA00E52B15 /* LaunchScreen.storyboard in Resources */,
				D6ADA93B1DB2B1CA00E52B15 /* Assets.xcassets in Resources */,
				D6ADA9461DB2E16800E52B15 /* SF-UI-Display-Regular.otf in Resources */,
				D6ADA9391DB2B1CA00E52B15 /* Main.storyboard in Resources */,
			);
			runOnlyForDeploymentPostprocessing = 0;
		};
/* End PBXResourcesBuildPhase section */

/* Begin PBXShellScriptBuildPhase section */
		697DFBA771C010CC57AF44BA /* [CP] Check Pods Manifest.lock */ = {
			isa = PBXShellScriptBuildPhase;
			buildActionMask = 2147483647;
			files = (
			);
			inputPaths = (
			);
			name = "[CP] Check Pods Manifest.lock";
			outputPaths = (
			);
			runOnlyForDeploymentPostprocessing = 0;
			shellPath = /bin/sh;
			shellScript = "diff \"${PODS_ROOT}/../Podfile.lock\" \"${PODS_ROOT}/Manifest.lock\" > /dev/null\nif [ $? != 0 ] ; then\n    # print error to STDERR\n    echo \"error: The sandbox is not in sync with the Podfile.lock. Run 'pod install' or update your CocoaPods installation.\" >&2\n    exit 1\nfi\n";
			showEnvVarsInLog = 0;
		};
		7F6A7DE2681FD123C02CCE5F /* [CP] Copy Pods Resources */ = {
			isa = PBXShellScriptBuildPhase;
			buildActionMask = 2147483647;
			files = (
			);
			inputPaths = (
			);
			name = "[CP] Copy Pods Resources";
			outputPaths = (
			);
			runOnlyForDeploymentPostprocessing = 0;
			shellPath = /bin/sh;
			shellScript = "\"${SRCROOT}/Pods/Target Support Files/Pods-HackathonFiesp2016/Pods-HackathonFiesp2016-resources.sh\"\n";
			showEnvVarsInLog = 0;
		};
		B5192001845E6BF149A3F7DF /* [CP] Embed Pods Frameworks */ = {
			isa = PBXShellScriptBuildPhase;
			buildActionMask = 2147483647;
			files = (
			);
			inputPaths = (
			);
			name = "[CP] Embed Pods Frameworks";
			outputPaths = (
			);
			runOnlyForDeploymentPostprocessing = 0;
			shellPath = /bin/sh;
			shellScript = "\"${SRCROOT}/Pods/Target Support Files/Pods-HackathonFiesp2016/Pods-HackathonFiesp2016-frameworks.sh\"\n";
			showEnvVarsInLog = 0;
		};
/* End PBXShellScriptBuildPhase section */

/* Begin PBXSourcesBuildPhase section */
		D6ADA92A1DB2B1C900E52B15 /* Sources */ = {
			isa = PBXSourcesBuildPhase;
			buildActionMask = 2147483647;
			files = (
				D680EDAD1DB3074B00C784C8 /* CardViewManager.swift in Sources */,
				D6ADA9361DB2B1CA00E52B15 /* MenuViewController.swift in Sources */,
				D6ADA9321DB2B1CA00E52B15 /* AppDelegate.swift in Sources */,
				D6ADA9341DB2B1CA00E52B15 /* RestaurantViewController.swift in Sources */,
			);
			runOnlyForDeploymentPostprocessing = 0;
		};
/* End PBXSourcesBuildPhase section */

/* Begin PBXVariantGroup section */
		D6ADA9371DB2B1CA00E52B15 /* Main.storyboard */ = {
			isa = PBXVariantGroup;
			children = (
				D6ADA9381DB2B1CA00E52B15 /* Base */,
			);
			name = Main.storyboard;
			sourceTree = "<group>";
		};
		D6ADA93C1DB2B1CA00E52B15 /* LaunchScreen.storyboard */ = {
			isa = PBXVariantGroup;
			children = (
				D6ADA93D1DB2B1CA00E52B15 /* Base */,
			);
			name = LaunchScreen.storyboard;
			sourceTree = "<group>";
		};
/* End PBXVariantGroup section */

/* Begin XCBuildConfiguration section */
		D6ADA9401DB2B1CA00E52B15 /* Debug */ = {
			isa = XCBuildConfiguration;
			buildSettings = {
				ALWAYS_SEARCH_USER_PATHS = NO;
				CLANG_ANALYZER_NONNULL = YES;
				CLANG_CXX_LANGUAGE_STANDARD = "gnu++0x";
				CLANG_CXX_LIBRARY = "libc++";
				CLANG_ENABLE_MODULES = YES;
				CLANG_ENABLE_OBJC_ARC = YES;
				CLANG_WARN_BOOL_CONVERSION = YES;
				CLANG_WARN_CONSTANT_CONVERSION = YES;
				CLANG_WARN_DIRECT_OBJC_ISA_USAGE = YES_ERROR;
				CLANG_WARN_DOCUMENTATION_COMMENTS = YES;
				CLANG_WARN_EMPTY_BODY = YES;
				CLANG_WARN_ENUM_CONVERSION = YES;
				CLANG_WARN_INFINITE_RECURSION = YES;
				CLANG_WARN_INT_CONVERSION = YES;
				CLANG_WARN_OBJC_ROOT_CLASS = YES_ERROR;
				CLANG_WARN_SUSPICIOUS_MOVES = YES;
				CLANG_WARN_UNREACHABLE_CODE = YES;
				CLANG_WARN__DUPLICATE_METHOD_MATCH = YES;
				"CODE_SIGN_IDENTITY[sdk=iphoneos*]" = "iPhone Developer";
				COPY_PHASE_STRIP = NO;
				DEBUG_INFORMATION_FORMAT = dwarf;
				ENABLE_STRICT_OBJC_MSGSEND = YES;
				ENABLE_TESTABILITY = YES;
				GCC_C_LANGUAGE_STANDARD = gnu99;
				GCC_DYNAMIC_NO_PIC = NO;
				GCC_NO_COMMON_BLOCKS = YES;
				GCC_OPTIMIZATION_LEVEL = 0;
				GCC_PREPROCESSOR_DEFINITIONS = (
					"DEBUG=1",
					"$(inherited)",
				);
				GCC_WARN_64_TO_32_BIT_CONVERSION = YES;
				GCC_WARN_ABOUT_RETURN_TYPE = YES_ERROR;
				GCC_WARN_UNDECLARED_SELECTOR = YES;
				GCC_WARN_UNINITIALIZED_AUTOS = YES_AGGRESSIVE;
				GCC_WARN_UNUSED_FUNCTION = YES;
				GCC_WARN_UNUSED_VARIABLE = YES;
				IPHONEOS_DEPLOYMENT_TARGET = 10.0;
				MTL_ENABLE_DEBUG_INFO = YES;
				ONLY_ACTIVE_ARCH = YES;
				SDKROOT = iphoneos;
				SWIFT_ACTIVE_COMPILATION_CONDITIONS = DEBUG;
				SWIFT_OPTIMIZATION_LEVEL = "-Onone";
			};
			name = Debug;
		};
		D6ADA9411DB2B1CA00E52B15 /* Release */ = {
			isa = XCBuildConfiguration;
			buildSettings = {
				ALWAYS_SEARCH_USER_PATHS = NO;
				CLANG_ANALYZER_NONNULL = YES;
				CLANG_CXX_LANGUAGE_STANDARD = "gnu++0x";
				CLANG_CXX_LIBRARY = "libc++";
				CLANG_ENABLE_MODULES = YES;
				CLANG_ENABLE_OBJC_ARC = YES;
				CLANG_WARN_BOOL_CONVERSION = YES;
				CLANG_WARN_CONSTANT_CONVERSION = YES;
				CLANG_WARN_DIRECT_OBJC_ISA_USAGE = YES_ERROR;
				CLANG_WARN_DOCUMENTATION_COMMENTS = YES;
				CLANG_WARN_EMPTY_BODY = YES;
				CLANG_WARN_ENUM_CONVERSION = YES;
				CLANG_WARN_INFINITE_RECURSION = YES;
				CLANG_WARN_INT_CONVERSION = YES;
				CLANG_WARN_OBJC_ROOT_CLASS = YES_ERROR;
				CLANG_WARN_SUSPICIOUS_MOVES = YES;
				CLANG_WARN_UNREACHABLE_CODE = YES;
				CLANG_WARN__DUPLICATE_METHOD_MATCH = YES;
				"CODE_SIGN_IDENTITY[sdk=iphoneos*]" = "iPhone Developer";
				COPY_PHASE_STRIP = NO;
				DEBUG_INFORMATION_FORMAT = "dwarf-with-dsym";
				ENABLE_NS_ASSERTIONS = NO;
				ENABLE_STRICT_OBJC_MSGSEND = YES;
				GCC_C_LANGUAGE_STANDARD = gnu99;
				GCC_NO_COMMON_BLOCKS = YES;
				GCC_WARN_64_TO_32_BIT_CONVERSION = YES;
				GCC_WARN_ABOUT_RETURN_TYPE = YES_ERROR;
				GCC_WARN_UNDECLARED_SELECTOR = YES;
				GCC_WARN_UNINITIALIZED_AUTOS = YES_AGGRESSIVE;
				GCC_WARN_UNUSED_FUNCTION = YES;
				GCC_WARN_UNUSED_VARIABLE = YES;
				IPHONEOS_DEPLOYMENT_TARGET = 10.0;
				MTL_ENABLE_DEBUG_INFO = NO;
				SDKROOT = iphoneos;
				SWIFT_OPTIMIZATION_LEVEL = "-Owholemodule";
				VALIDATE_PRODUCT = YES;
			};
			name = Release;
		};
		D6ADA9431DB2B1CA00E52B15 /* Debug */ = {
			isa = XCBuildConfiguration;
			baseConfigurationReference = B3A9A3CB01EE20742E3A7D36 /* Pods-HackathonFiesp2016.debug.xcconfig */;
			buildSettings = {
				ASSETCATALOG_COMPILER_APPICON_NAME = AppIcon;
				DEVELOPMENT_TEAM = 6VEL7G8EU2;
				INFOPLIST_FILE = HackathonFiesp2016/Info.plist;
				LD_RUNPATH_SEARCH_PATHS = "$(inherited) @executable_path/Frameworks";
				PRODUCT_BUNDLE_IDENTIFIER = Jhpg.HackathonFiesp2016;
				PRODUCT_NAME = "$(TARGET_NAME)";
				SWIFT_VERSION = 3.0;
			};
			name = Debug;
		};
		D6ADA9441DB2B1CA00E52B15 /* Release */ = {
			isa = XCBuildConfiguration;
			baseConfigurationReference = 4D5D946F140526840228D568 /* Pods-HackathonFiesp2016.release.xcconfig */;
			buildSettings = {
				ASSETCATALOG_COMPILER_APPICON_NAME = AppIcon;
				DEVELOPMENT_TEAM = 6VEL7G8EU2;
				INFOPLIST_FILE = HackathonFiesp2016/Info.plist;
				LD_RUNPATH_SEARCH_PATHS = "$(inherited) @executable_path/Frameworks";
				PRODUCT_BUNDLE_IDENTIFIER = Jhpg.HackathonFiesp2016;
				PRODUCT_NAME = "$(TARGET_NAME)";
				SWIFT_VERSION = 3.0;
			};
			name = Release;
		};
/* End XCBuildConfiguration section */

/* Begin XCConfigurationList section */
		D6ADA9291DB2B1C900E52B15 /* Build configuration list for PBXProject "HackathonFiesp2016" */ = {
			isa = XCConfigurationList;
			buildConfigurations = (
				D6ADA9401DB2B1CA00E52B15 /* Debug */,
				D6ADA9411DB2B1CA00E52B15 /* Release */,
			);
			defaultConfigurationIsVisible = 0;
			defaultConfigurationName = Release;
		};
		D6ADA9421DB2B1CA00E52B15 /* Build configuration list for PBXNativeTarget "HackathonFiesp2016" */ = {
			isa = XCConfigurationList;
			buildConfigurations = (
				D6ADA9431DB2B1CA00E52B15 /* Debug */,
				D6ADA9441DB2B1CA00E52B15 /* Release */,
			);
			defaultConfigurationIsVisible = 0;
			defaultConfigurationName = Release;
		};
/* End XCConfigurationList section */
	};
	rootObject = D6ADA9261DB2B1C900E52B15 /* Project object */;
}
